{
    "name": "emojilib-converter",
    "version": "1.0.0",
    "lockfileVersion": 3,
    "requires": true,
    "packages": {
        "": {
            "name": "emojilib-converter",
            "version": "1.0.0",
            "hasInstallScript": true,
            "license": "GPL-3.0-only",
            "dependencies": {
                "emojilib": "^4.0.0",
                "unicode-emoji-json": "^0.3.0"
            }
        },
        "node_modules/emojilib": {
            "version": "4.0.1",
            "resolved": "https://registry.npmjs.org/emojilib/-/emojilib-4.0.1.tgz",
            "integrity": "sha512-zVY5JGxycujUimHkBn2lg5NCVwASJiQA2fhKfDPgyDFmNTftiw6KdOcq2fQt1HCVw0YeYW/ccYxQHQNjZpNeuw==",
            "license": "MIT"
        },
        "node_modules/unicode-emoji-json": {
            "version": "0.3.1",
            "resolved": "https://registry.npmjs.org/unicode-emoji-json/-/unicode-emoji-json-0.3.1.tgz",
            "integrity": "sha512-qA76zUIfOMSj+rdd8XAz/SpuubjTqoy2uW+dHrUVZivIvzMYzs7lNlbLMG4R32KB8SFwtVUJYQzbAafjBYDSuw==",
            "license": "MIT"
        }
    }
}
